// !$*UTF8*$!
{
	archiveVersion = 1;
	classes = {
	};
	objectVersion = 50;
	objects = {

/* Begin PBXBuildFile section */
		54887BF9219B5B5700CDECAE /* AppDelegate.swift in Sources */ = {isa = PBXBuildFile; fileRef = 54887BF8219B5B5700CDECAE /* AppDelegate.swift */; };
		54887BFB219B5B5700CDECAE /* ViewController.swift in Sources */ = {isa = PBXBuildFile; fileRef = 54887BFA219B5B5700CDECAE /* ViewController.swift */; };
		54887BFE219B5B5700CDECAE /* Main.storyboard in Resources */ = {isa = PBXBuildFile; fileRef = 54887BFC219B5B5700CDECAE /* Main.storyboard */; };
		54887C01219B5B5700CDECAE /* Squad_ScheduleView_2.xcdatamodeld in Sources */ = {isa = PBXBuildFile; fileRef = 54887BFF219B5B5700CDECAE /* Squad_ScheduleView_2.xcdatamodeld */; };
		54887C03219B5B5B00CDECAE /* Assets.xcassets in Resources */ = {isa = PBXBuildFile; fileRef = 54887C02219B5B5B00CDECAE /* Assets.xcassets */; };
		54887C06219B5B5B00CDECAE /* LaunchScreen.storyboard in Resources */ = {isa = PBXBuildFile; fileRef = 54887C04219B5B5B00CDECAE /* LaunchScreen.storyboard */; };
		54887C11219B5B5C00CDECAE /* Squad_ScheduleView_2Tests.swift in Sources */ = {isa = PBXBuildFile; fileRef = 54887C10219B5B5C00CDECAE /* Squad_ScheduleView_2Tests.swift */; };
		54887C1C219B5B5C00CDECAE /* Squad_ScheduleView_2UITests.swift in Sources */ = {isa = PBXBuildFile; fileRef = 54887C1B219B5B5C00CDECAE /* Squad_ScheduleView_2UITests.swift */; };
		54887C2C219B5FB700CDECAE /* hourCell.swift in Sources */ = {isa = PBXBuildFile; fileRef = 54887C2B219B5FB700CDECAE /* hourCell.swift */; };
/* End PBXBuildFile section */

/* Begin PBXContainerItemProxy section */
		54887C0D219B5B5C00CDECAE /* PBXContainerItemProxy */ = {
			isa = PBXContainerItemProxy;
			containerPortal = 54887BED219B5B5700CDECAE /* Project object */;
			proxyType = 1;
			remoteGlobalIDString = 54887BF4219B5B5700CDECAE;
			remoteInfo = "Squad-ScheduleView_2";
		};
		54887C18219B5B5C00CDECAE /* PBXContainerItemProxy */ = {
			isa = PBXContainerItemProxy;
			containerPortal = 54887BED219B5B5700CDECAE /* Project object */;
			proxyType = 1;
			remoteGlobalIDString = 54887BF4219B5B5700CDECAE;
			remoteInfo = "Squad-ScheduleView_2";
		};
/* End PBXContainerItemProxy section */

/* Begin PBXFileReference section */
		54887BF5219B5B5700CDECAE /* Squad-ScheduleView_2.app */ = {isa = PBXFileReference; explicitFileType = wrapper.application; includeInIndex = 0; path = "Squad-ScheduleView_2.app"; sourceTree = BUILT_PRODUCTS_DIR; };
		54887BF8219B5B5700CDECAE /* AppDelegate.swift */ = {isa = PBXFileReference; lastKnownFileType = sourcecode.swift; path = AppDelegate.swift; sourceTree = "<group>"; };
		54887BFA219B5B5700CDECAE /* ViewController.swift */ = {isa = PBXFileReference; lastKnownFileType = sourcecode.swift; path = ViewController.swift; sourceTree = "<group>"; };
		54887BFD219B5B5700CDECAE /* Base */ = {isa = PBXFileReference; lastKnownFileType = file.storyboard; name = Base; path = Base.lproj/Main.storyboard; sourceTree = "<group>"; };
		54887C00219B5B5700CDECAE /* Squad_ScheduleView_2.xcdatamodel */ = {isa = PBXFileReference; lastKnownFileType = wrapper.xcdatamodel; path = Squad_ScheduleView_2.xcdatamodel; sourceTree = "<group>"; };
		54887C02219B5B5B00CDECAE /* Assets.xcassets */ = {isa = PBXFileReference; lastKnownFileType = folder.assetcatalog; path = Assets.xcassets; sourceTree = "<group>"; };
		54887C05219B5B5B00CDECAE /* Base */ = {isa = PBXFileReference; lastKnownFileType = file.storyboard; name = Base; path = Base.lproj/LaunchScreen.storyboard; sourceTree = "<group>"; };
		54887C07219B5B5B00CDECAE /* Info.plist */ = {isa = PBXFileReference; lastKnownFileType = text.plist.xml; path = Info.plist; sourceTree = "<group>"; };
		54887C0C219B5B5C00CDECAE /* Squad-ScheduleView_2Tests.xctest */ = {isa = PBXFileReference; explicitFileType = wrapper.cfbundle; includeInIndex = 0; path = "Squad-ScheduleView_2Tests.xctest"; sourceTree = BUILT_PRODUCTS_DIR; };
		54887C10219B5B5C00CDECAE /* Squad_ScheduleView_2Tests.swift */ = {isa = PBXFileReference; lastKnownFileType = sourcecode.swift; path = Squad_ScheduleView_2Tests.swift; sourceTree = "<group>"; };
		54887C12219B5B5C00CDECAE /* Info.plist */ = {isa = PBXFileReference; lastKnownFileType = text.plist.xml; path = Info.plist; sourceTree = "<group>"; };
		54887C17219B5B5C00CDECAE /* Squad-ScheduleView_2UITests.xctest */ = {isa = PBXFileReference; explicitFileType = wrapper.cfbundle; includeInIndex = 0; path = "Squad-ScheduleView_2UITests.xctest"; sourceTree = BUILT_PRODUCTS_DIR; };
		54887C1B219B5B5C00CDECAE /* Squad_ScheduleView_2UITests.swift */ = {isa = PBXFileReference; lastKnownFileType = sourcecode.swift; path = Squad_ScheduleView_2UITests.swift; sourceTree = "<group>"; };
		54887C1D219B5B5C00CDECAE /* Info.plist */ = {isa = PBXFileReference; lastKnownFileType = text.plist.xml; path = Info.plist; sourceTree = "<group>"; };
		54887C2B219B5FB700CDECAE /* hourCell.swift */ = {isa = PBXFileReference; lastKnownFileType = sourcecode.swift; path = hourCell.swift; sourceTree = "<group>"; };
/* End PBXFileReference section */

/* Begin PBXFrameworksBuildPhase section */
		54887BF2219B5B5700CDECAE /* Frameworks */ = {
			isa = PBXFrameworksBuildPhase;
			buildActionMask = 2147483647;
			files = (
			);
			runOnlyForDeploymentPostprocessing = 0;
		};
		54887C09219B5B5C00CDECAE /* Frameworks */ = {
			isa = PBXFrameworksBuildPhase;
			buildActionMask = 2147483647;
			files = (
			);
			runOnlyForDeploymentPostprocessing = 0;
		};
		54887C14219B5B5C00CDECAE /* Frameworks */ = {
			isa = PBXFrameworksBuildPhase;
			buildActionMask = 2147483647;
			files = (
			);
			runOnlyForDeploymentPostprocessing = 0;
		};
/* End PBXFrameworksBuildPhase section */

/* Begin PBXGroup section */
		54887BEC219B5B5700CDECAE = {
			isa = PBXGroup;
			children = (
				54887BF7219B5B5700CDECAE /* Squad-ScheduleView_2 */,
				54887C0F219B5B5C00CDECAE /* Squad-ScheduleView_2Tests */,
				54887C1A219B5B5C00CDECAE /* Squad-ScheduleView_2UITests */,
				54887BF6219B5B5700CDECAE /* Products */,
			);
			sourceTree = "<group>";
		};
		54887BF6219B5B5700CDECAE /* Products */ = {
			isa = PBXGroup;
			children = (
				54887BF5219B5B5700CDECAE /* Squad-ScheduleView_2.app */,
				54887C0C219B5B5C00CDECAE /* Squad-ScheduleView_2Tests.xctest */,
				54887C17219B5B5C00CDECAE /* Squad-ScheduleView_2UITests.xctest */,
			);
			name = Products;
			sourceTree = "<group>";
		};
		54887BF7219B5B5700CDECAE /* Squad-ScheduleView_2 */ = {
			isa = PBXGroup;
			children = (
				54887BF8219B5B5700CDECAE /* AppDelegate.swift */,
				54887BFA219B5B5700CDECAE /* ViewController.swift */,
				54887BFC219B5B5700CDECAE /* Main.storyboard */,
				54887C02219B5B5B00CDECAE /* Assets.xcassets */,
				54887C04219B5B5B00CDECAE /* LaunchScreen.storyboard */,
				54887C07219B5B5B00CDECAE /* Info.plist */,
				54887BFF219B5B5700CDECAE /* Squad_ScheduleView_2.xcdatamodeld */,
				54887C2B219B5FB700CDECAE /* hourCell.swift */,
			);
			path = "Squad-ScheduleView_2";
			sourceTree = "<group>";
		};
		54887C0F219B5B5C00CDECAE /* Squad-ScheduleView_2Tests */ = {
			isa = PBXGroup;
			children = (
				54887C10219B5B5C00CDECAE /* Squad_ScheduleView_2Tests.swift */,
				54887C12219B5B5C00CDECAE /* Info.plist */,
			);
			path = "Squad-ScheduleView_2Tests";
			sourceTree = "<group>";
		};
		54887C1A219B5B5C00CDECAE /* Squad-ScheduleView_2UITests */ = {
			isa = PBXGroup;
			children = (
				54887C1B219B5B5C00CDECAE /* Squad_ScheduleView_2UITests.swift */,
				54887C1D219B5B5C00CDECAE /* Info.plist */,
			);
			path = "Squad-ScheduleView_2UITests";
			sourceTree = "<group>";
		};
/* End PBXGroup section */

/* Begin PBXNativeTarget section */
		54887BF4219B5B5700CDECAE /* Squad-ScheduleView_2 */ = {
			isa = PBXNativeTarget;
			buildConfigurationList = 54887C20219B5B5C00CDECAE /* Build configuration list for PBXNativeTarget "Squad-ScheduleView_2" */;
			buildPhases = (
				54887BF1219B5B5700CDECAE /* Sources */,
				54887BF2219B5B5700CDECAE /* Frameworks */,
				54887BF3219B5B5700CDECAE /* Resources */,
			);
			buildRules = (
			);
			dependencies = (
			);
			name = "Squad-ScheduleView_2";
			productName = "Squad-ScheduleView_2";
			productReference = 54887BF5219B5B5700CDECAE /* Squad-ScheduleView_2.app */;
			productType = "com.apple.product-type.application";
		};
		54887C0B219B5B5C00CDECAE /* Squad-ScheduleView_2Tests */ = {
			isa = PBXNativeTarget;
			buildConfigurationList = 54887C23219B5B5C00CDECAE /* Build configuration list for PBXNativeTarget "Squad-ScheduleView_2Tests" */;
			buildPhases = (
				54887C08219B5B5C00CDECAE /* Sources */,
				54887C09219B5B5C00CDECAE /* Frameworks */,
				54887C0A219B5B5C00CDECAE /* Resources */,
			);
			buildRules = (
			);
			dependencies = (
				54887C0E219B5B5C00CDECAE /* PBXTargetDependency */,
			);
			name = "Squad-ScheduleView_2Tests";
			productName = "Squad-ScheduleView_2Tests";
			productReference = 54887C0C219B5B5C00CDECAE /* Squad-ScheduleView_2Tests.xctest */;
			productType = "com.apple.product-type.bundle.unit-test";
		};
		54887C16219B5B5C00CDECAE /* Squad-ScheduleView_2UITests */ = {
			isa = PBXNativeTarget;
			buildConfigurationList = 54887C26219B5B5C00CDECAE /* Build configuration list for PBXNativeTarget "Squad-ScheduleView_2UITests" */;
			buildPhases = (
				54887C13219B5B5C00CDECAE /* Sources */,
				54887C14219B5B5C00CDECAE /* Frameworks */,
				54887C15219B5B5C00CDECAE /* Resources */,
			);
			buildRules = (
			);
			dependencies = (
				54887C19219B5B5C00CDECAE /* PBXTargetDependency */,
			);
			name = "Squad-ScheduleView_2UITests";
			productName = "Squad-ScheduleView_2UITests";
			productReference = 54887C17219B5B5C00CDECAE /* Squad-ScheduleView_2UITests.xctest */;
			productType = "com.apple.product-type.bundle.ui-testing";
		};
/* End PBXNativeTarget section */

/* Begin PBXProject section */
		54887BED219B5B5700CDECAE /* Project object */ = {
			isa = PBXProject;
			attributes = {
				LastSwiftUpdateCheck = 0940;
				LastUpgradeCheck = 0940;
				ORGANIZATIONNAME = "Max Bernstein";
				TargetAttributes = {
					54887BF4219B5B5700CDECAE = {
						CreatedOnToolsVersion = 9.4;
					};
					54887C0B219B5B5C00CDECAE = {
						CreatedOnToolsVersion = 9.4;
						TestTargetID = 54887BF4219B5B5700CDECAE;
					};
					54887C16219B5B5C00CDECAE = {
						CreatedOnToolsVersion = 9.4;
						TestTargetID = 54887BF4219B5B5700CDECAE;
					};
				};
			};
			buildConfigurationList = 54887BF0219B5B5700CDECAE /* Build configuration list for PBXProject "Squad-ScheduleView_2" */;
			compatibilityVersion = "Xcode 9.3";
			developmentRegion = en;
			hasScannedForEncodings = 0;
			knownRegions = (
				en,
				Base,
			);
			mainGroup = 54887BEC219B5B5700CDECAE;
			productRefGroup = 54887BF6219B5B5700CDECAE /* Products */;
			projectDirPath = "";
			projectRoot = "";
			targets = (
				54887BF4219B5B5700CDECAE /* Squad-ScheduleView_2 */,
				54887C0B219B5B5C00CDECAE /* Squad-ScheduleView_2Tests */,
				54887C16219B5B5C00CDECAE /* Squad-ScheduleView_2UITests */,
			);
		};
/* End PBXProject section */

/* Begin PBXResourcesBuildPhase section */
		54887BF3219B5B5700CDECAE /* Resources */ = {
			isa = PBXResourcesBuildPhase;
			buildActionMask = 2147483647;
			files = (
				54887C06219B5B5B00CDECAE /* LaunchScreen.storyboard in Resources */,
				54887C03219B5B5B00CDECAE /* Assets.xcassets in Resources */,
				54887BFE219B5B5700CDECAE /* Main.storyboard in Resources */,
			);
			runOnlyForDeploymentPostprocessing = 0;
		};
		54887C0A219B5B5C00CDECAE /* Resources */ = {
			isa = PBXResourcesBuildPhase;
			buildActionMask = 2147483647;
			files = (
			);
			runOnlyForDeploymentPostprocessing = 0;
		};
		54887C15219B5B5C00CDECAE /* Resources */ = {
			isa = PBXResourcesBuildPhase;
			buildActionMask = 2147483647;
			files = (
			);
			runOnlyForDeploymentPostprocessing = 0;
		};
/* End PBXResourcesBuildPhase section */

/* Begin PBXSourcesBuildPhase section */
		54887BF1219B5B5700CDECAE /* Sources */ = {
			isa = PBXSourcesBuildPhase;
			buildActionMask = 2147483647;
			files = (
				54887BFB219B5B5700CDECAE /* ViewController.swift in Sources */,
				54887C01219B5B5700CDECAE /* Squad_ScheduleView_2.xcdatamodeld in Sources */,
				54887BF9219B5B5700CDECAE /* AppDelegate.swift in Sources */,
				54887C2C219B5FB700CDECAE /* hourCell.swift in Sources */,
			);
			runOnlyForDeploymentPostprocessing = 0;
		};
		54887C08219B5B5C00CDECAE /* Sources */ = {
			isa = PBXSourcesBuildPhase;
			buildActionMask = 2147483647;
			files = (
				54887C11219B5B5C00CDECAE /* Squad_ScheduleView_2Tests.swift in Sources */,
			);
			runOnlyForDeploymentPostprocessing = 0;
		};
		54887C13219B5B5C00CDECAE /* Sources */ = {
			isa = PBXSourcesBuildPhase;
			buildActionMask = 2147483647;
			files = (
				54887C1C219B5B5C00CDECAE /* Squad_ScheduleView_2UITests.swift in Sources */,
			);
			runOnlyForDeploymentPostprocessing = 0;
		};
/* End PBXSourcesBuildPhase section */

/* Begin PBXTargetDependency section */
		54887C0E219B5B5C00CDECAE /* PBXTargetDependency */ = {
			isa = PBXTargetDependency;
			target = 54887BF4219B5B5700CDECAE /* Squad-ScheduleView_2 */;
			targetProxy = 54887C0D219B5B5C00CDECAE /* PBXContainerItemProxy */;
		};
		54887C19219B5B5C00CDECAE /* PBXTargetDependency */ = {
			isa = PBXTargetDependency;
			target = 54887BF4219B5B5700CDECAE /* Squad-ScheduleView_2 */;
			targetProxy = 54887C18219B5B5C00CDECAE /* PBXContainerItemProxy */;
		};
/* End PBXTargetDependency section */

/* Begin PBXVariantGroup section */
		54887BFC219B5B5700CDECAE /* Main.storyboard */ = {
			isa = PBXVariantGroup;
			children = (
				54887BFD219B5B5700CDECAE /* Base */,
			);
			name = Main.storyboard;
			sourceTree = "<group>";
		};
		54887C04219B5B5B00CDECAE /* LaunchScreen.storyboard */ = {
			isa = PBXVariantGroup;
			children = (
				54887C05219B5B5B00CDECAE /* Base */,
			);
			name = LaunchScreen.storyboard;
			sourceTree = "<group>";
		};
/* End PBXVariantGroup section */

/* Begin XCBuildConfiguration section */
		54887C1E219B5B5C00CDECAE /* Debug */ = {
			isa = XCBuildConfiguration;
			buildSettings = {
				ALWAYS_SEARCH_USER_PATHS = NO;
				CLANG_ANALYZER_NONNULL = YES;
				CLANG_ANALYZER_NUMBER_OBJECT_CONVERSION = YES_AGGRESSIVE;
				CLANG_CXX_LANGUAGE_STANDARD = "gnu++14";
				CLANG_CXX_LIBRARY = "libc++";
				CLANG_ENABLE_MODULES = YES;
				CLANG_ENABLE_OBJC_ARC = YES;
				CLANG_ENABLE_OBJC_WEAK = YES;
				CLANG_WARN_BLOCK_CAPTURE_AUTORELEASING = YES;
				CLANG_WARN_BOOL_CONVERSION = YES;
				CLANG_WARN_COMMA = YES;
				CLANG_WARN_CONSTANT_CONVERSION = YES;
				CLANG_WARN_DEPRECATED_OBJC_IMPLEMENTATIONS = YES;
				CLANG_WARN_DIRECT_OBJC_ISA_USAGE = YES_ERROR;
				CLANG_WARN_DOCUMENTATION_COMMENTS = YES;
				CLANG_WARN_EMPTY_BODY = YES;
				CLANG_WARN_ENUM_CONVERSION = YES;
				CLANG_WARN_INFINITE_RECURSION = YES;
				CLANG_WARN_INT_CONVERSION = YES;
				CLANG_WARN_NON_LITERAL_NULL_CONVERSION = YES;
				CLANG_WARN_OBJC_IMPLICIT_RETAIN_SELF = YES;
				CLANG_WARN_OBJC_LITERAL_CONVERSION = YES;
				CLANG_WARN_OBJC_ROOT_CLASS = YES_ERROR;
				CLANG_WARN_RANGE_LOOP_ANALYSIS = YES;
				CLANG_WARN_STRICT_PROTOTYPES = YES;
				CLANG_WARN_SUSPICIOUS_MOVE = YES;
				CLANG_WARN_UNGUARDED_AVAILABILITY = YES_AGGRESSIVE;
				CLANG_WARN_UNREACHABLE_CODE = YES;
				CLANG_WARN__DUPLICATE_METHOD_MATCH = YES;
				CODE_SIGN_IDENTITY = "iPhone Developer";
				COPY_PHASE_STRIP = NO;
				DEBUG_INFORMATION_FORMAT = dwarf;
				ENABLE_STRICT_OBJC_MSGSEND = YES;
				ENABLE_TESTABILITY = YES;
				GCC_C_LANGUAGE_STANDARD = gnu11;
				GCC_DYNAMIC_NO_PIC = NO;
				GCC_NO_COMMON_BLOCKS = YES;
				GCC_OPTIMIZATION_LEVEL = 0;
				GCC_PREPROCESSOR_DEFINITIONS = (
					"DEBUG=1",
					"$(inherited)",
				);
				GCC_WARN_64_TO_32_BIT_CONVERSION = YES;
				GCC_WARN_ABOUT_RETURN_TYPE = YES_ERROR;
				GCC_WARN_UNDECLARED_SELECTOR = YES;
				GCC_WARN_UNINITIALIZED_AUTOS = YES_AGGRESSIVE;
				GCC_WARN_UNUSED_FUNCTION = YES;
				GCC_WARN_UNUSED_VARIABLE = YES;
				IPHONEOS_DEPLOYMENT_TARGET = 11.4;
				MTL_ENABLE_DEBUG_INFO = YES;
				ONLY_ACTIVE_ARCH = YES;
				SDKROOT = iphoneos;
				SWIFT_ACTIVE_COMPILATION_CONDITIONS = DEBUG;
				SWIFT_OPTIMIZATION_LEVEL = "-Onone";
			};
			name = Debug;
		};
		54887C1F219B5B5C00CDECAE /* Release */ = {
			isa = XCBuildConfiguration;
			buildSettings = {
				ALWAYS_SEARCH_USER_PATHS = NO;
				CLANG_ANALYZER_NONNULL = YES;
				CLANG_ANALYZER_NUMBER_OBJECT_CONVERSION = YES_AGGRESSIVE;
				CLANG_CXX_LANGUAGE_STANDARD = "gnu++14";
				CLANG_CXX_LIBRARY = "libc++";
				CLANG_ENABLE_MODULES = YES;
				CLANG_ENABLE_OBJC_ARC = YES;
				CLANG_ENABLE_OBJC_WEAK = YES;
				CLANG_WARN_BLOCK_CAPTURE_AUTORELEASING = YES;
				CLANG_WARN_BOOL_CONVERSION = YES;
				CLANG_WARN_COMMA = YES;
				CLANG_WARN_CONSTANT_CONVERSION = YES;
				CLANG_WARN_DEPRECATED_OBJC_IMPLEMENTATIONS = YES;
				CLANG_WARN_DIRECT_OBJC_ISA_USAGE = YES_ERROR;
				CLANG_WARN_DOCUMENTATION_COMMENTS = YES;
				CLANG_WARN_EMPTY_BODY = YES;
				CLANG_WARN_ENUM_CONVERSION = YES;
				CLANG_WARN_INFINITE_RECURSION = YES;
				CLANG_WARN_INT_CONVERSION = YES;
				CLANG_WARN_NON_LITERAL_NULL_CONVERSION = YES;
				CLANG_WARN_OBJC_IMPLICIT_RETAIN_SELF = YES;
				CLANG_WARN_OBJC_LITERAL_CONVERSION = YES;
				CLANG_WARN_OBJC_ROOT_CLASS = YES_ERROR;
				CLANG_WARN_RANGE_LOOP_ANALYSIS = YES;
				CLANG_WARN_STRICT_PROTOTYPES = YES;
				CLANG_WARN_SUSPICIOUS_MOVE = YES;
				CLANG_WARN_UNGUARDED_AVAILABILITY = YES_AGGRESSIVE;
				CLANG_WARN_UNREACHABLE_CODE = YES;
				CLANG_WARN__DUPLICATE_METHOD_MATCH = YES;
				CODE_SIGN_IDENTITY = "iPhone Developer";
				COPY_PHASE_STRIP = NO;
				DEBUG_INFORMATION_FORMAT = "dwarf-with-dsym";
				ENABLE_NS_ASSERTIONS = NO;
				ENABLE_STRICT_OBJC_MSGSEND = YES;
				GCC_C_LANGUAGE_STANDARD = gnu11;
				GCC_NO_COMMON_BLOCKS = YES;
				GCC_WARN_64_TO_32_BIT_CONVERSION = YES;
				GCC_WARN_ABOUT_RETURN_TYPE = YES_ERROR;
				GCC_WARN_UNDECLARED_SELECTOR = YES;
				GCC_WARN_UNINITIALIZED_AUTOS = YES_AGGRESSIVE;
				GCC_WARN_UNUSED_FUNCTION = YES;
				GCC_WARN_UNUSED_VARIABLE = YES;
				IPHONEOS_DEPLOYMENT_TARGET = 11.4;
				MTL_ENABLE_DEBUG_INFO = NO;
				SDKROOT = iphoneos;
				SWIFT_COMPILATION_MODE = wholemodule;
				SWIFT_OPTIMIZATION_LEVEL = "-O";
				VALIDATE_PRODUCT = YES;
			};
			name = Release;
		};
		54887C21219B5B5C00CDECAE /* Debug */ = {
			isa = XCBuildConfiguration;
			buildSettings = {
				ASSETCATALOG_COMPILER_APPICON_NAME = AppIcon;
				CODE_SIGN_STYLE = Automatic;
				DEVELOPMENT_TEAM = 587674US5A;
				INFOPLIST_FILE = "Squad-ScheduleView_2/Info.plist";
				LD_RUNPATH_SEARCH_PATHS = (
					"$(inherited)",
					"@executable_path/Frameworks",
				);
				PRODUCT_BUNDLE_IDENTIFIER = "CSE438.Squad-ScheduleView-2";
				PRODUCT_NAME = "$(TARGET_NAME)";
				SWIFT_VERSION = 4.0;
				TARGETED_DEVICE_FAMILY = "1,2";
			};
			name = Debug;
		};
		54887C22219B5B5C00CDECAE /* Release */ = {
			isa = XCBuildConfiguration;
			buildSettings = {
				ASSETCATALOG_COMPILER_APPICON_NAME = AppIcon;
				CODE_SIGN_STYLE = Automatic;
				DEVELOPMENT_TEAM = 587674US5A;
				INFOPLIST_FILE = "Squad-ScheduleView_2/Info.plist";
				LD_RUNPATH_SEARCH_PATHS = (
					"$(inherited)",
					"@executable_path/Frameworks",
				);
				PRODUCT_BUNDLE_IDENTIFIER = "CSE438.Squad-ScheduleView-2";
				PRODUCT_NAME = "$(TARGET_NAME)";
				SWIFT_VERSION = 4.0;
				TARGETED_DEVICE_FAMILY = "1,2";
			};
			name = Release;
		};
		54887C24219B5B5C00CDECAE /* Debug */ = {
			isa = XCBuildConfiguration;
			buildSettings = {
				ALWAYS_EMBED_SWIFT_STANDARD_LIBRARIES = YES;
				BUNDLE_LOADER = "$(TEST_HOST)";
				CODE_SIGN_STYLE = Automatic;
				DEVELOPMENT_TEAM = 587674US5A;
				INFOPLIST_FILE = "Squad-ScheduleView_2Tests/Info.plist";
				LD_RUNPATH_SEARCH_PATHS = (
					"$(inherited)",
					"@executable_path/Frameworks",
					"@loader_path/Frameworks",
				);
				PRODUCT_BUNDLE_IDENTIFIER = "CSE438.Squad-ScheduleView-2Tests";
				PRODUCT_NAME = "$(TARGET_NAME)";
				SWIFT_VERSION = 4.0;
				TARGETED_DEVICE_FAMILY = "1,2";
				TEST_HOST = "$(BUILT_PRODUCTS_DIR)/Squad-ScheduleView_2.app/Squad-ScheduleView_2";
			};
			name = Debug;
		};
		54887C25219B5B5C00CDECAE /* Release */ = {
			isa = XCBuildConfiguration;
			buildSettings = {
				ALWAYS_EMBED_SWIFT_STANDARD_LIBRARIES = YES;
				BUNDLE_LOADER = "$(TEST_HOST)";
				CODE_SIGN_STYLE = Automatic;
				DEVELOPMENT_TEAM = 587674US5A;
				INFOPLIST_FILE = "Squad-ScheduleView_2Tests/Info.plist";
				LD_RUNPATH_SEARCH_PATHS = (
					"$(inherited)",
					"@executable_path/Frameworks",
					"@loader_path/Frameworks",
				);
				PRODUCT_BUNDLE_IDENTIFIER = "CSE438.Squad-ScheduleView-2Tests";
				PRODUCT_NAME = "$(TARGET_NAME)";
				SWIFT_VERSION = 4.0;
				TARGETED_DEVICE_FAMILY = "1,2";
				TEST_HOST = "$(BUILT_PRODUCTS_DIR)/Squad-ScheduleView_2.app/Squad-ScheduleView_2";
			};
			name = Release;
		};
		54887C27219B5B5C00CDECAE /* Debug */ = {
			isa = XCBuildConfiguration;
			buildSettings = {
				ALWAYS_EMBED_SWIFT_STANDARD_LIBRARIES = YES;
				CODE_SIGN_STYLE = Automatic;
				DEVELOPMENT_TEAM = 587674US5A;
				INFOPLIST_FILE = "Squad-ScheduleView_2UITests/Info.plist";
				LD_RUNPATH_SEARCH_PATHS = (
					"$(inherited)",
					"@executable_path/Frameworks",
					"@loader_path/Frameworks",
				);
				PRODUCT_BUNDLE_IDENTIFIER = "CSE438.Squad-ScheduleView-2UITests";
				PRODUCT_NAME = "$(TARGET_NAME)";
				SWIFT_VERSION = 4.0;
				TARGETED_DEVICE_FAMILY = "1,2";
				TEST_TARGET_NAME = "Squad-ScheduleView_2";
			};
			name = Debug;
		};
		54887C28219B5B5C00CDECAE /* Release */ = {
			isa = XCBuildConfiguration;
			buildSettings = {
				ALWAYS_EMBED_SWIFT_STANDARD_LIBRARIES = YES;
				CODE_SIGN_STYLE = Automatic;
				DEVELOPMENT_TEAM = 587674US5A;
				INFOPLIST_FILE = "Squad-ScheduleView_2UITests/Info.plist";
				LD_RUNPATH_SEARCH_PATHS = (
					"$(inherited)",
					"@executable_path/Frameworks",
					"@loader_path/Frameworks",
				);
				PRODUCT_BUNDLE_IDENTIFIER = "CSE438.Squad-ScheduleView-2UITests";
				PRODUCT_NAME = "$(TARGET_NAME)";
				SWIFT_VERSION = 4.0;
				TARGETED_DEVICE_FAMILY = "1,2";
				TEST_TARGET_NAME = "Squad-ScheduleView_2";
			};
			name = Release;
		};
/* End XCBuildConfiguration section */

/* Begin XCConfigurationList section */
		54887BF0219B5B5700CDECAE /* Build configuration list for PBXProject "Squad-ScheduleView_2" */ = {
			isa = XCConfigurationList;
			buildConfigurations = (
				54887C1E219B5B5C00CDECAE /* Debug */,
				54887C1F219B5B5C00CDECAE /* Release */,
			);
			defaultConfigurationIsVisible = 0;
			defaultConfigurationName = Release;
		};
		54887C20219B5B5C00CDECAE /* Build configuration list for PBXNativeTarget "Squad-ScheduleView_2" */ = {
			isa = XCConfigurationList;
			buildConfigurations = (
				54887C21219B5B5C00CDECAE /* Debug */,
				54887C22219B5B5C00CDECAE /* Release */,
			);
			defaultConfigurationIsVisible = 0;
			defaultConfigurationName = Release;
		};
		54887C23219B5B5C00CDECAE /* Build configuration list for PBXNativeTarget "Squad-ScheduleView_2Tests" */ = {
			isa = XCConfigurationList;
			buildConfigurations = (
				54887C24219B5B5C00CDECAE /* Debug */,
				54887C25219B5B5C00CDECAE /* Release */,
			);
			defaultConfigurationIsVisible = 0;
			defaultConfigurationName = Release;
		};
		54887C26219B5B5C00CDECAE /* Build configuration list for PBXNativeTarget "Squad-ScheduleView_2UITests" */ = {
			isa = XCConfigurationList;
			buildConfigurations = (
				54887C27219B5B5C00CDECAE /* Debug */,
				54887C28219B5B5C00CDECAE /* Release */,
			);
			defaultConfigurationIsVisible = 0;
			defaultConfigurationName = Release;
		};
/* End XCConfigurationList section */

/* Begin XCVersionGroup section */
		54887BFF219B5B5700CDECAE /* Squad_ScheduleView_2.xcdatamodeld */ = {
			isa = XCVersionGroup;
			children = (
				54887C00219B5B5700CDECAE /* Squad_ScheduleView_2.xcdatamodel */,
			);
			currentVersion = 54887C00219B5B5700CDECAE /* Squad_ScheduleView_2.xcdatamodel */;
			path = Squad_ScheduleView_2.xcdatamodeld;
			sourceTree = "<group>";
			versionGroupType = wrapper.xcdatamodel;
		};
/* End XCVersionGroup section */
	};
	rootObject = 54887BED219B5B5700CDECAE /* Project object */;
}
